{
  "version": 4,
  "terraform_version": "1.10.0",
  "serial": 7,
  "lineage": "cd8143dc-afe2-1c81-b8af-8991877c8ff9",
  "outputs": {},
  "resources": [
    {
      "mode": "managed",
      "type": "azurerm_resource_group",
      "name": "grp-01",
      "provider": "provider[\"registry.terraform.io/hashicorp/azurerm\"]",
      "instances": [
        {
          "schema_version": 0,
          "attributes": {
            "id": "/subscriptions/ed650814-527f-4ad3-98f7-9af062cc8adf/resourceGroups/grp-01",
            "location": "brazilsouth",
            "managed_by": "",
            "name": "grp-01",
            "tags": null,
            "timeouts": null
          },
          "sensitive_attributes": [],
          "private": "eyJlMmJmYjczMC1lY2FhLTExZTYtOGY4OC0zNDM2M2JjN2M0YzAiOnsiY3JlYXRlIjo1NDAwMDAwMDAwMDAwLCJkZWxldGUiOjU0MDAwMDAwMDAwMDAsInJlYWQiOjMwMDAwMDAwMDAwMCwidXBkYXRlIjo1NDAwMDAwMDAwMDAwfX0="
        }
      ]
    }
  ],
  "check_results": [
    {
      "object_kind": "var",
      "config_addr": "var.number_of_subnets",
      "status": "pass",
      "objects": [
        {
          "object_addr": "var.number_of_subnets",
          "status": "pass"
        }
      ]
    }
  ]
}
